// !$*UTF8*$!
{
	archiveVersion = 1;
	classes = {
	};
	objectVersion = 56;
	objects = {

/* Begin PBXBuildFile section */
		6EB81F5528AB2960002F31FE /* My_Cricket_AppApp.swift in Sources */ = {isa = PBXBuildFile; fileRef = 6EB81F5428AB2960002F31FE /* My_Cricket_AppApp.swift */; };
		6EB81F5728AB2960002F31FE /* ContentView.swift in Sources */ = {isa = PBXBuildFile; fileRef = 6EB81F5628AB2960002F31FE /* ContentView.swift */; };
		6EB81F5928AB2961002F31FE /* Assets.xcassets in Resources */ = {isa = PBXBuildFile; fileRef = 6EB81F5828AB2961002F31FE /* Assets.xcassets */; };
		6EB81F5D28AB2961002F31FE /* Preview Assets.xcassets in Resources */ = {isa = PBXBuildFile; fileRef = 6EB81F5C28AB2961002F31FE /* Preview Assets.xcassets */; };
		6EB81F6A28AB2973002F31FE /* WidgetKit.framework in Frameworks */ = {isa = PBXBuildFile; fileRef = 6EB81F6928AB2973002F31FE /* WidgetKit.framework */; };
		6EB81F6C28AB2973002F31FE /* SwiftUI.framework in Frameworks */ = {isa = PBXBuildFile; fileRef = 6EB81F6B28AB2973002F31FE /* SwiftUI.framework */; };
		6EB81F6F28AB2973002F31FE /* Live_Score.swift in Sources */ = {isa = PBXBuildFile; fileRef = 6EB81F6E28AB2973002F31FE /* Live_Score.swift */; };
		6EB81F7128AB2973002F31FE /* Assets.xcassets in Resources */ = {isa = PBXBuildFile; fileRef = 6EB81F7028AB2973002F31FE /* Assets.xcassets */; };
		6EB81F7528AB2973002F31FE /* Live ScoreExtension.appex in Embed Foundation Extensions */ = {isa = PBXBuildFile; fileRef = 6EB81F6728AB2973002F31FE /* Live ScoreExtension.appex */; settings = {ATTRIBUTES = (RemoveHeadersOnCopy, ); }; };
		6EB81F7B28AB29C0002F31FE /* LiveScoreAttributes.swift in Sources */ = {isa = PBXBuildFile; fileRef = 6EB81F7A28AB29C0002F31FE /* LiveScoreAttributes.swift */; };
		6EB81F7C28AB29C0002F31FE /* LiveScoreAttributes.swift in Sources */ = {isa = PBXBuildFile; fileRef = 6EB81F7A28AB29C0002F31FE /* LiveScoreAttributes.swift */; };
/* End PBXBuildFile section */

/* Begin PBXContainerItemProxy section */
		6EB81F7328AB2973002F31FE /* PBXContainerItemProxy */ = {
			isa = PBXContainerItemProxy;
			containerPortal = 6EB81F4928AB2960002F31FE /* Project object */;
			proxyType = 1;
			remoteGlobalIDString = 6EB81F6628AB2973002F31FE;
			remoteInfo = "Live ScoreExtension";
		};
/* End PBXContainerItemProxy section */

/* Begin PBXCopyFilesBuildPhase section */
		6EB81F7928AB2973002F31FE /* Embed Foundation Extensions */ = {
			isa = PBXCopyFilesBuildPhase;
			buildActionMask = 2147483647;
			dstPath = "";
			dstSubfolderSpec = 13;
			files = (
				6EB81F7528AB2973002F31FE /* Live ScoreExtension.appex in Embed Foundation Extensions */,
			);
			name = "Embed Foundation Extensions";
			runOnlyForDeploymentPostprocessing = 0;
		};
/* End PBXCopyFilesBuildPhase section */

/* Begin PBXFileReference section */
		6EB81F5128AB2960002F31FE /* My Cricket App.app */ = {isa = PBXFileReference; explicitFileType = wrapper.application; includeInIndex = 0; path = "My Cricket App.app"; sourceTree = BUILT_PRODUCTS_DIR; };
		6EB81F5428AB2960002F31FE /* My_Cricket_AppApp.swift */ = {isa = PBXFileReference; lastKnownFileType = sourcecode.swift; path = My_Cricket_AppApp.swift; sourceTree = "<group>"; };
		6EB81F5628AB2960002F31FE /* ContentView.swift */ = {isa = PBXFileReference; lastKnownFileType = sourcecode.swift; path = ContentView.swift; sourceTree = "<group>"; };
		6EB81F5828AB2961002F31FE /* Assets.xcassets */ = {isa = PBXFileReference; lastKnownFileType = folder.assetcatalog; path = Assets.xcassets; sourceTree = "<group>"; };
		6EB81F5A28AB2961002F31FE /* My_Cricket_App.entitlements */ = {isa = PBXFileReference; lastKnownFileType = text.plist.entitlements; path = My_Cricket_App.entitlements; sourceTree = "<group>"; };
		6EB81F5C28AB2961002F31FE /* Preview Assets.xcassets */ = {isa = PBXFileReference; lastKnownFileType = folder.assetcatalog; path = "Preview Assets.xcassets"; sourceTree = "<group>"; };
		6EB81F6728AB2973002F31FE /* Live ScoreExtension.appex */ = {isa = PBXFileReference; explicitFileType = "wrapper.app-extension"; includeInIndex = 0; path = "Live ScoreExtension.appex"; sourceTree = BUILT_PRODUCTS_DIR; };
		6EB81F6928AB2973002F31FE /* WidgetKit.framework */ = {isa = PBXFileReference; lastKnownFileType = wrapper.framework; name = WidgetKit.framework; path = System/Library/Frameworks/WidgetKit.framework; sourceTree = SDKROOT; };
		6EB81F6B28AB2973002F31FE /* SwiftUI.framework */ = {isa = PBXFileReference; lastKnownFileType = wrapper.framework; name = SwiftUI.framework; path = System/Library/Frameworks/SwiftUI.framework; sourceTree = SDKROOT; };
		6EB81F6E28AB2973002F31FE /* Live_Score.swift */ = {isa = PBXFileReference; lastKnownFileType = sourcecode.swift; path = Live_Score.swift; sourceTree = "<group>"; };
		6EB81F7028AB2973002F31FE /* Assets.xcassets */ = {isa = PBXFileReference; lastKnownFileType = folder.assetcatalog; path = Assets.xcassets; sourceTree = "<group>"; };
		6EB81F7228AB2973002F31FE /* Info.plist */ = {isa = PBXFileReference; lastKnownFileType = text.plist.xml; path = Info.plist; sourceTree = "<group>"; };
		6EB81F7A28AB29C0002F31FE /* LiveScoreAttributes.swift */ = {isa = PBXFileReference; lastKnownFileType = sourcecode.swift; path = LiveScoreAttributes.swift; sourceTree = "<group>"; };
		6EB81F7D28AB29D8002F31FE /* My-Cricket-App-Info.plist */ = {isa = PBXFileReference; lastKnownFileType = text.plist; path = "My-Cricket-App-Info.plist"; sourceTree = SOURCE_ROOT; };
/* End PBXFileReference section */

/* Begin PBXFrameworksBuildPhase section */
		6EB81F4E28AB2960002F31FE /* Frameworks */ = {
			isa = PBXFrameworksBuildPhase;
			buildActionMask = 2147483647;
			files = (
			);
			runOnlyForDeploymentPostprocessing = 0;
		};
		6EB81F6428AB2973002F31FE /* Frameworks */ = {
			isa = PBXFrameworksBuildPhase;
			buildActionMask = 2147483647;
			files = (
				6EB81F6C28AB2973002F31FE /* SwiftUI.framework in Frameworks */,
				6EB81F6A28AB2973002F31FE /* WidgetKit.framework in Frameworks */,
			);
			runOnlyForDeploymentPostprocessing = 0;
		};
/* End PBXFrameworksBuildPhase section */

/* Begin PBXGroup section */
		6EB81F4828AB2960002F31FE = {
			isa = PBXGroup;
			children = (
				6EB81F5328AB2960002F31FE /* My Cricket App */,
				6EB81F6D28AB2973002F31FE /* Live Score */,
				6EB81F6828AB2973002F31FE /* Frameworks */,
				6EB81F5228AB2960002F31FE /* Products */,
			);
			sourceTree = "<group>";
		};
		6EB81F5228AB2960002F31FE /* Products */ = {
			isa = PBXGroup;
			children = (
				6EB81F5128AB2960002F31FE /* My Cricket App.app */,
				6EB81F6728AB2973002F31FE /* Live ScoreExtension.appex */,
			);
			name = Products;
			sourceTree = "<group>";
		};
		6EB81F5328AB2960002F31FE /* My Cricket App */ = {
			isa = PBXGroup;
			children = (
				6EB81F7D28AB29D8002F31FE /* My-Cricket-App-Info.plist */,
				6EB81F5428AB2960002F31FE /* My_Cricket_AppApp.swift */,
				6EB81F5628AB2960002F31FE /* ContentView.swift */,
				6EB81F5828AB2961002F31FE /* Assets.xcassets */,
				6EB81F5A28AB2961002F31FE /* My_Cricket_App.entitlements */,
				6EB81F5B28AB2961002F31FE /* Preview Content */,
			);
			path = "My Cricket App";
			sourceTree = "<group>";
		};
		6EB81F5B28AB2961002F31FE /* Preview Content */ = {
			isa = PBXGroup;
			children = (
				6EB81F5C28AB2961002F31FE /* Preview Assets.xcassets */,
			);
			path = "Preview Content";
			sourceTree = "<group>";
		};
		6EB81F6828AB2973002F31FE /* Frameworks */ = {
			isa = PBXGroup;
			children = (
				6EB81F6928AB2973002F31FE /* WidgetKit.framework */,
				6EB81F6B28AB2973002F31FE /* SwiftUI.framework */,
			);
			name = Frameworks;
			sourceTree = "<group>";
		};
		6EB81F6D28AB2973002F31FE /* Live Score */ = {
			isa = PBXGroup;
			children = (
				6EB81F6E28AB2973002F31FE /* Live_Score.swift */,
				6EB81F7A28AB29C0002F31FE /* LiveScoreAttributes.swift */,
				6EB81F7028AB2973002F31FE /* Assets.xcassets */,
				6EB81F7228AB2973002F31FE /* Info.plist */,
			);
			path = "Live Score";
			sourceTree = "<group>";
		};
/* End PBXGroup section */

/* Begin PBXNativeTarget section */
		6EB81F5028AB2960002F31FE /* My Cricket App */ = {
			isa = PBXNativeTarget;
			buildConfigurationList = 6EB81F6028AB2961002F31FE /* Build configuration list for PBXNativeTarget "My Cricket App" */;
			buildPhases = (
				6EB81F4D28AB2960002F31FE /* Sources */,
				6EB81F4E28AB2960002F31FE /* Frameworks */,
				6EB81F4F28AB2960002F31FE /* Resources */,
				6EB81F7928AB2973002F31FE /* Embed Foundation Extensions */,
			);
			buildRules = (
			);
			dependencies = (
				6EB81F7428AB2973002F31FE /* PBXTargetDependency */,
			);
			name = "My Cricket App";
			productName = "My Cricket App";
			productReference = 6EB81F5128AB2960002F31FE /* My Cricket App.app */;
			productType = "com.apple.product-type.application";
		};
		6EB81F6628AB2973002F31FE /* Live ScoreExtension */ = {
			isa = PBXNativeTarget;
			buildConfigurationList = 6EB81F7628AB2973002F31FE /* Build configuration list for PBXNativeTarget "Live ScoreExtension" */;
			buildPhases = (
				6EB81F6328AB2973002F31FE /* Sources */,
				6EB81F6428AB2973002F31FE /* Frameworks */,
				6EB81F6528AB2973002F31FE /* Resources */,
			);
			buildRules = (
			);
			dependencies = (
			);
			name = "Live ScoreExtension";
			productName = "Live ScoreExtension";
			productReference = 6EB81F6728AB2973002F31FE /* Live ScoreExtension.appex */;
			productType = "com.apple.product-type.app-extension";
		};
/* End PBXNativeTarget section */

/* Begin PBXProject section */
		6EB81F4928AB2960002F31FE /* Project object */ = {
			isa = PBXProject;
			attributes = {
				BuildIndependentTargetsInParallel = 1;
				LastSwiftUpdateCheck = 1400;
				LastUpgradeCheck = 1400;
				TargetAttributes = {
					6EB81F5028AB2960002F31FE = {
						CreatedOnToolsVersion = 14.0;
					};
					6EB81F6628AB2973002F31FE = {
						CreatedOnToolsVersion = 14.0;
					};
				};
			};
			buildConfigurationList = 6EB81F4C28AB2960002F31FE /* Build configuration list for PBXProject "My Cricket App" */;
			compatibilityVersion = "Xcode 14.0";
			developmentRegion = en;
			hasScannedForEncodings = 0;
			knownRegions = (
				en,
				Base,
			);
			mainGroup = 6EB81F4828AB2960002F31FE;
			productRefGroup = 6EB81F5228AB2960002F31FE /* Products */;
			projectDirPath = "";
			projectRoot = "";
			targets = (
				6EB81F5028AB2960002F31FE /* My Cricket App */,
				6EB81F6628AB2973002F31FE /* Live ScoreExtension */,
			);
		};
/* End PBXProject section */

/* Begin PBXResourcesBuildPhase section */
		6EB81F4F28AB2960002F31FE /* Resources */ = {
			isa = PBXResourcesBuildPhase;
			buildActionMask = 2147483647;
			files = (
				6EB81F5D28AB2961002F31FE /* Preview Assets.xcassets in Resources */,
				6EB81F5928AB2961002F31FE /* Assets.xcassets in Resources */,
			);
			runOnlyForDeploymentPostprocessing = 0;
		};
		6EB81F6528AB2973002F31FE /* Resources */ = {
			isa = PBXResourcesBuildPhase;
			buildActionMask = 2147483647;
			files = (
				6EB81F7128AB2973002F31FE /* Assets.xcassets in Resources */,
			);
			runOnlyForDeploymentPostprocessing = 0;
		};
/* End PBXResourcesBuildPhase section */

/* Begin PBXSourcesBuildPhase section */
		6EB81F4D28AB2960002F31FE /* Sources */ = {
			isa = PBXSourcesBuildPhase;
			buildActionMask = 2147483647;
			files = (
				6EB81F7B28AB29C0002F31FE /* LiveScoreAttributes.swift in Sources */,
				6EB81F5728AB2960002F31FE /* ContentView.swift in Sources */,
				6EB81F5528AB2960002F31FE /* My_Cricket_AppApp.swift in Sources */,
			);
			runOnlyForDeploymentPostprocessing = 0;
		};
		6EB81F6328AB2973002F31FE /* Sources */ = {
			isa = PBXSourcesBuildPhase;
			buildActionMask = 2147483647;
			files = (
				6EB81F6F28AB2973002F31FE /* Live_Score.swift in Sources */,
				6EB81F7C28AB29C0002F31FE /* LiveScoreAttributes.swift in Sources */,
			);
			runOnlyForDeploymentPostprocessing = 0;
		};
/* End PBXSourcesBuildPhase section */

/* Begin PBXTargetDependency section */
		6EB81F7428AB2973002F31FE /* PBXTargetDependency */ = {
			isa = PBXTargetDependency;
			target = 6EB81F6628AB2973002F31FE /* Live ScoreExtension */;
			targetProxy = 6EB81F7328AB2973002F31FE /* PBXContainerItemProxy */;
		};
/* End PBXTargetDependency section */

/* Begin XCBuildConfiguration section */
		6EB81F5E28AB2961002F31FE /* Debug */ = {
			isa = XCBuildConfiguration;
			buildSettings = {
				ALWAYS_SEARCH_USER_PATHS = NO;
				CLANG_ANALYZER_NONNULL = YES;
				CLANG_ANALYZER_NUMBER_OBJECT_CONVERSION = YES_AGGRESSIVE;
				CLANG_CXX_LANGUAGE_STANDARD = "gnu++20";
				CLANG_ENABLE_MODULES = YES;
				CLANG_ENABLE_OBJC_ARC = YES;
				CLANG_ENABLE_OBJC_WEAK = YES;
				CLANG_WARN_BLOCK_CAPTURE_AUTORELEASING = YES;
				CLANG_WARN_BOOL_CONVERSION = YES;
				CLANG_WARN_COMMA = YES;
				CLANG_WARN_CONSTANT_CONVERSION = YES;
				CLANG_WARN_DEPRECATED_OBJC_IMPLEMENTATIONS = YES;
				CLANG_WARN_DIRECT_OBJC_ISA_USAGE = YES_ERROR;
				CLANG_WARN_DOCUMENTATION_COMMENTS = YES;
				CLANG_WARN_EMPTY_BODY = YES;
				CLANG_WARN_ENUM_CONVERSION = YES;
				CLANG_WARN_INFINITE_RECURSION = YES;
				CLANG_WARN_INT_CONVERSION = YES;
				CLANG_WARN_NON_LITERAL_NULL_CONVERSION = YES;
				CLANG_WARN_OBJC_IMPLICIT_RETAIN_SELF = YES;
				CLANG_WARN_OBJC_LITERAL_CONVERSION = YES;
				CLANG_WARN_OBJC_ROOT_CLASS = YES_ERROR;
				CLANG_WARN_QUOTED_INCLUDE_IN_FRAMEWORK_HEADER = YES;
				CLANG_WARN_RANGE_LOOP_ANALYSIS = YES;
				CLANG_WARN_STRICT_PROTOTYPES = YES;
				CLANG_WARN_SUSPICIOUS_MOVE = YES;
				CLANG_WARN_UNGUARDED_AVAILABILITY = YES_AGGRESSIVE;
				CLANG_WARN_UNREACHABLE_CODE = YES;
				CLANG_WARN__DUPLICATE_METHOD_MATCH = YES;
				COPY_PHASE_STRIP = NO;
				DEBUG_INFORMATION_FORMAT = dwarf;
				ENABLE_STRICT_OBJC_MSGSEND = YES;
				ENABLE_TESTABILITY = YES;
				GCC_C_LANGUAGE_STANDARD = gnu11;
				GCC_DYNAMIC_NO_PIC = NO;
				GCC_NO_COMMON_BLOCKS = YES;
				GCC_OPTIMIZATION_LEVEL = 0;
				GCC_PREPROCESSOR_DEFINITIONS = (
					"DEBUG=1",
					"$(inherited)",
				);
				GCC_WARN_64_TO_32_BIT_CONVERSION = YES;
				GCC_WARN_ABOUT_RETURN_TYPE = YES_ERROR;
				GCC_WARN_UNDECLARED_SELECTOR = YES;
				GCC_WARN_UNINITIALIZED_AUTOS = YES_AGGRESSIVE;
				GCC_WARN_UNUSED_FUNCTION = YES;
				GCC_WARN_UNUSED_VARIABLE = YES;
				MTL_ENABLE_DEBUG_INFO = INCLUDE_SOURCE;
				MTL_FAST_MATH = YES;
				ONLY_ACTIVE_ARCH = YES;
				SWIFT_ACTIVE_COMPILATION_CONDITIONS = DEBUG;
				SWIFT_OPTIMIZATION_LEVEL = "-Onone";
			};
			name = Debug;
		};
		6EB81F5F28AB2961002F31FE /* Release */ = {
			isa = XCBuildConfiguration;
			buildSettings = {
				ALWAYS_SEARCH_USER_PATHS = NO;
				CLANG_ANALYZER_NONNULL = YES;
				CLANG_ANALYZER_NUMBER_OBJECT_CONVERSION = YES_AGGRESSIVE;
				CLANG_CXX_LANGUAGE_STANDARD = "gnu++20";
				CLANG_ENABLE_MODULES = YES;
				CLANG_ENABLE_OBJC_ARC = YES;
				CLANG_ENABLE_OBJC_WEAK = YES;
				CLANG_WARN_BLOCK_CAPTURE_AUTORELEASING = YES;
				CLANG_WARN_BOOL_CONVERSION = YES;
				CLANG_WARN_COMMA = YES;
				CLANG_WARN_CONSTANT_CONVERSION = YES;
				CLANG_WARN_DEPRECATED_OBJC_IMPLEMENTATIONS = YES;
				CLANG_WARN_DIRECT_OBJC_ISA_USAGE = YES_ERROR;
				CLANG_WARN_DOCUMENTATION_COMMENTS = YES;
				CLANG_WARN_EMPTY_BODY = YES;
				CLANG_WARN_ENUM_CONVERSION = YES;
				CLANG_WARN_INFINITE_RECURSION = YES;
				CLANG_WARN_INT_CONVERSION = YES;
				CLANG_WARN_NON_LITERAL_NULL_CONVERSION = YES;
				CLANG_WARN_OBJC_IMPLICIT_RETAIN_SELF = YES;
				CLANG_WARN_OBJC_LITERAL_CONVERSION = YES;
				CLANG_WARN_OBJC_ROOT_CLASS = YES_ERROR;
				CLANG_WARN_QUOTED_INCLUDE_IN_FRAMEWORK_HEADER = YES;
				CLANG_WARN_RANGE_LOOP_ANALYSIS = YES;
				CLANG_WARN_STRICT_PROTOTYPES = YES;
				CLANG_WARN_SUSPICIOUS_MOVE = YES;
				CLANG_WARN_UNGUARDED_AVAILABILITY = YES_AGGRESSIVE;
				CLANG_WARN_UNREACHABLE_CODE = YES;
				CLANG_WARN__DUPLICATE_METHOD_MATCH = YES;
				COPY_PHASE_STRIP = NO;
				DEBUG_INFORMATION_FORMAT = "dwarf-with-dsym";
				ENABLE_NS_ASSERTIONS = NO;
				ENABLE_STRICT_OBJC_MSGSEND = YES;
				GCC_C_LANGUAGE_STANDARD = gnu11;
				GCC_NO_COMMON_BLOCKS = YES;
				GCC_WARN_64_TO_32_BIT_CONVERSION = YES;
				GCC_WARN_ABOUT_RETURN_TYPE = YES_ERROR;
				GCC_WARN_UNDECLARED_SELECTOR = YES;
				GCC_WARN_UNINITIALIZED_AUTOS = YES_AGGRESSIVE;
				GCC_WARN_UNUSED_FUNCTION = YES;
				GCC_WARN_UNUSED_VARIABLE = YES;
				MTL_ENABLE_DEBUG_INFO = NO;
				MTL_FAST_MATH = YES;
				SWIFT_COMPILATION_MODE = wholemodule;
				SWIFT_OPTIMIZATION_LEVEL = "-O";
			};
			name = Release;
		};
		6EB81F6128AB2961002F31FE /* Debug */ = {
			isa = XCBuildConfiguration;
			buildSettings = {
				ALWAYS_EMBED_SWIFT_STANDARD_LIBRARIES = YES;
				ASSETCATALOG_COMPILER_APPICON_NAME = AppIcon;
				ASSETCATALOG_COMPILER_GLOBAL_ACCENT_COLOR_NAME = AccentColor;
				CODE_SIGN_ENTITLEMENTS = "My Cricket App/My_Cricket_App.entitlements";
				CODE_SIGN_STYLE = Automatic;
				CURRENT_PROJECT_VERSION = 1;
				DEVELOPMENT_ASSET_PATHS = "\"My Cricket App/Preview Content\"";
				DEVELOPMENT_TEAM = MDHKWLPBLV;
				ENABLE_PREVIEWS = YES;
				GENERATE_INFOPLIST_FILE = YES;
				INFOPLIST_FILE = "My-Cricket-App-Info.plist";
				"INFOPLIST_KEY_UIApplicationSceneManifest_Generation[sdk=iphoneos*]" = YES;
				"INFOPLIST_KEY_UIApplicationSceneManifest_Generation[sdk=iphonesimulator*]" = YES;
				"INFOPLIST_KEY_UIApplicationSupportsIndirectInputEvents[sdk=iphoneos*]" = YES;
				"INFOPLIST_KEY_UIApplicationSupportsIndirectInputEvents[sdk=iphonesimulator*]" = YES;
				"INFOPLIST_KEY_UILaunchScreen_Generation[sdk=iphoneos*]" = YES;
				"INFOPLIST_KEY_UILaunchScreen_Generation[sdk=iphonesimulator*]" = YES;
				"INFOPLIST_KEY_UIStatusBarStyle[sdk=iphoneos*]" = UIStatusBarStyleDefault;
				"INFOPLIST_KEY_UIStatusBarStyle[sdk=iphonesimulator*]" = UIStatusBarStyleDefault;
				INFOPLIST_KEY_UISupportedInterfaceOrientations_iPad = "UIInterfaceOrientationPortrait UIInterfaceOrientationPortraitUpsideDown UIInterfaceOrientationLandscapeLeft UIInterfaceOrientationLandscapeRight";
				INFOPLIST_KEY_UISupportedInterfaceOrientations_iPhone = "UIInterfaceOrientationPortrait UIInterfaceOrientationLandscapeLeft UIInterfaceOrientationLandscapeRight";
				IPHONEOS_DEPLOYMENT_TARGET = 16.0;
				LD_RUNPATH_SEARCH_PATHS = "@executable_path/Frameworks";
				"LD_RUNPATH_SEARCH_PATHS[sdk=macosx*]" = "@executable_path/../Frameworks";
				MACOSX_DEPLOYMENT_TARGET = 12.4;
				MARKETING_VERSION = 1.0;
				PRODUCT_BUNDLE_IDENTIFIER = "com.printprogramming.My-Cricket-App";
				PRODUCT_NAME = "$(TARGET_NAME)";
				SDKROOT = auto;
				SUPPORTED_PLATFORMS = "iphoneos iphonesimulator macosx";
				SWIFT_EMIT_LOC_STRINGS = YES;
				SWIFT_VERSION = 5.0;
				TARGETED_DEVICE_FAMILY = "1,2";
			};
			name = Debug;
		};
		6EB81F6228AB2961002F31FE /* Release */ = {
			isa = XCBuildConfiguration;
			buildSettings = {
				ALWAYS_EMBED_SWIFT_STANDARD_LIBRARIES = YES;
				ASSETCATALOG_COMPILER_APPICON_NAME = AppIcon;
				ASSETCATALOG_COMPILER_GLOBAL_ACCENT_COLOR_NAME = AccentColor;
				CODE_SIGN_ENTITLEMENTS = "My Cricket App/My_Cricket_App.entitlements";
				CODE_SIGN_STYLE = Automatic;
				CURRENT_PROJECT_VERSION = 1;
				DEVELOPMENT_ASSET_PATHS = "\"My Cricket App/Preview Content\"";
				DEVELOPMENT_TEAM = MDHKWLPBLV;
				ENABLE_PREVIEWS = YES;
				GENERATE_INFOPLIST_FILE = YES;
				INFOPLIST_FILE = "My-Cricket-App-Info.plist";
				"INFOPLIST_KEY_UIApplicationSceneManifest_Generation[sdk=iphoneos*]" = YES;
				"INFOPLIST_KEY_UIApplicationSceneManifest_Generation[sdk=iphonesimulator*]" = YES;
				"INFOPLIST_KEY_UIApplicationSupportsIndirectInputEvents[sdk=iphoneos*]" = YES;
				"INFOPLIST_KEY_UIApplicationSupportsIndirectInputEvents[sdk=iphonesimulator*]" = YES;
				"INFOPLIST_KEY_UILaunchScreen_Generation[sdk=iphoneos*]" = YES;
				"INFOPLIST_KEY_UILaunchScreen_Generation[sdk=iphonesimulator*]" = YES;
				"INFOPLIST_KEY_UIStatusBarStyle[sdk=iphoneos*]" = UIStatusBarStyleDefault;
				"INFOPLIST_KEY_UIStatusBarStyle[sdk=iphonesimulator*]" = UIStatusBarStyleDefault;
				INFOPLIST_KEY_UISupportedInterfaceOrientations_iPad = "UIInterfaceOrientationPortrait UIInterfaceOrientationPortraitUpsideDown UIInterfaceOrientationLandscapeLeft UIInterfaceOrientationLandscapeRight";
				INFOPLIST_KEY_UISupportedInterfaceOrientations_iPhone = "UIInterfaceOrientationPortrait UIInterfaceOrientationLandscapeLeft UIInterfaceOrientationLandscapeRight";
				IPHONEOS_DEPLOYMENT_TARGET = 16.0;
				LD_RUNPATH_SEARCH_PATHS = "@executable_path/Frameworks";
				"LD_RUNPATH_SEARCH_PATHS[sdk=macosx*]" = "@executable_path/../Frameworks";
				MACOSX_DEPLOYMENT_TARGET = 12.4;
				MARKETING_VERSION = 1.0;
				PRODUCT_BUNDLE_IDENTIFIER = "com.printprogramming.My-Cricket-App";
				PRODUCT_NAME = "$(TARGET_NAME)";
				SDKROOT = auto;
				SUPPORTED_PLATFORMS = "iphoneos iphonesimulator macosx";
				SWIFT_EMIT_LOC_STRINGS = YES;
				SWIFT_VERSION = 5.0;
				TARGETED_DEVICE_FAMILY = "1,2";
			};
			name = Release;
		};
		6EB81F7728AB2973002F31FE /* Debug */ = {
			isa = XCBuildConfiguration;
			buildSettings = {
				ASSETCATALOG_COMPILER_GLOBAL_ACCENT_COLOR_NAME = AccentColor;
				ASSETCATALOG_COMPILER_WIDGET_BACKGROUND_COLOR_NAME = WidgetBackground;
				CODE_SIGN_STYLE = Automatic;
				CURRENT_PROJECT_VERSION = 1;
				DEVELOPMENT_TEAM = MDHKWLPBLV;
				GENERATE_INFOPLIST_FILE = YES;
				INFOPLIST_FILE = "Live Score/Info.plist";
				INFOPLIST_KEY_CFBundleDisplayName = "Live Score";
				INFOPLIST_KEY_NSHumanReadableCopyright = "";
				IPHONEOS_DEPLOYMENT_TARGET = 16.0;
				LD_RUNPATH_SEARCH_PATHS = (
					"$(inherited)",
					"@executable_path/Frameworks",
					"@executable_path/../../Frameworks",
				);
				MARKETING_VERSION = 1.0;
				PRODUCT_BUNDLE_IDENTIFIER = "com.printprogramming.My-Cricket-App.Live-Score";
				PRODUCT_NAME = "$(TARGET_NAME)";
				SDKROOT = iphoneos;
				SKIP_INSTALL = YES;
				SWIFT_EMIT_LOC_STRINGS = YES;
				SWIFT_VERSION = 5.0;
				TARGETED_DEVICE_FAMILY = "1,2";
			};
			name = Debug;
		};
		6EB81F7828AB2973002F31FE /* Release */ = {
			isa = XCBuildConfiguration;
			buildSettings = {
				ASSETCATALOG_COMPILER_GLOBAL_ACCENT_COLOR_NAME = AccentColor;
				ASSETCATALOG_COMPILER_WIDGET_BACKGROUND_COLOR_NAME = WidgetBackground;
				CODE_SIGN_STYLE = Automatic;
				CURRENT_PROJECT_VERSION = 1;
				DEVELOPMENT_TEAM = MDHKWLPBLV;
				GENERATE_INFOPLIST_FILE = YES;
				INFOPLIST_FILE = "Live Score/Info.plist";
				INFOPLIST_KEY_CFBundleDisplayName = "Live Score";
				INFOPLIST_KEY_NSHumanReadableCopyright = "";
				IPHONEOS_DEPLOYMENT_TARGET = 16.0;
				LD_RUNPATH_SEARCH_PATHS = (
					"$(inherited)",
					"@executable_path/Frameworks",
					"@executable_path/../../Frameworks",
				);
				MARKETING_VERSION = 1.0;
				PRODUCT_BUNDLE_IDENTIFIER = "com.printprogramming.My-Cricket-App.Live-Score";
				PRODUCT_NAME = "$(TARGET_NAME)";
				SDKROOT = iphoneos;
				SKIP_INSTALL = YES;
				SWIFT_EMIT_LOC_STRINGS = YES;
				SWIFT_VERSION = 5.0;
				TARGETED_DEVICE_FAMILY = "1,2";
				VALIDATE_PRODUCT = YES;
			};
			name = Release;
		};
/* End XCBuildConfiguration section */

/* Begin XCConfigurationList section */
		6EB81F4C28AB2960002F31FE /* Build configuration list for PBXProject "My Cricket App" */ = {
			isa = XCConfigurationList;
			buildConfigurations = (
				6EB81F5E28AB2961002F31FE /* Debug */,
				6EB81F5F28AB2961002F31FE /* Release */,
			);
			defaultConfigurationIsVisible = 0;
			defaultConfigurationName = Release;
		};
		6EB81F6028AB2961002F31FE /* Build configuration list for PBXNativeTarget "My Cricket App" */ = {
			isa = XCConfigurationList;
			buildConfigurations = (
				6EB81F6128AB2961002F31FE /* Debug */,
				6EB81F6228AB2961002F31FE /* Release */,
			);
			defaultConfigurationIsVisible = 0;
			defaultConfigurationName = Release;
		};
		6EB81F7628AB2973002F31FE /* Build configuration list for PBXNativeTarget "Live ScoreExtension" */ = {
			isa = XCConfigurationList;
			buildConfigurations = (
				6EB81F7728AB2973002F31FE /* Debug */,
				6EB81F7828AB2973002F31FE /* Release */,
			);
			defaultConfigurationIsVisible = 0;
			defaultConfigurationName = Release;
		};
/* End XCConfigurationList section */
	};
	rootObject = 6EB81F4928AB2960002F31FE /* Project object */;
}
